
Microsoft Visual Studio Solution File, Format Version 12.00
# Visual Studio Version 17
VisualStudioVersion = 17.5.33627.172
MinimumVisualStudioVersion = 10.0.40219.1
Project("{9A19103F-16F7-4668-BE54-9A1E7A4F7556}") = "OpenCvTestingTool", "OpenCvTestingTool\OpenCvTestingTool.csproj", "{A610CF92-25F3-4172-A587-A823831B6AD2}"
EndProject
Global
	GlobalSection(SolutionConfigurationPlatforms) = preSolution
		Debug|Any CPU = Debug|Any CPU
		Release|Any CPU = Release|Any CPU
	EndGlobalSection
	GlobalSection(ProjectConfigurationPlatforms) = postSolution
		{A610CF92-25F3-4172-A587-A823831B6AD2}.Debug|Any CPU.ActiveCfg = Debug|Any CPU
		{A610CF92-25F3-4172-A587-A823831B6AD2}.Debug|Any CPU.Build.0 = Debug|Any CPU
		{A610CF92-25F3-4172-A587-A823831B6AD2}.Release|Any CPU.ActiveCfg = Release|Any CPU
		{A610CF92-25F3-4172-A587-A823831B6AD2}.Release|Any CPU.Build.0 = Release|Any CPU
	EndGlobalSection
	GlobalSection(SolutionProperties) = preSolution
		HideSolutionNode = FALSE
	EndGlobalSection
	GlobalSection(ExtensibilityGlobals) = postSolution
		SolutionGuid = {DA1E323C-F71E-4346-9F8D-2AE76A0BE01A}
	EndGlobalSection
EndGlobal
